
Microsoft Visual Studio Solution File, Format Version 12.00
# Visual Studio Version 17
VisualStudioVersion = 17.5.002.0
MinimumVisualStudioVersion = 10.0.40219.1
Project("{9A19103F-16F7-4668-BE54-9A1E7A4F7556}") = "UserApi", "UserApi\UserApi.csproj", "{4CE57B28-6E16-4881-AE5A-0C150A130FED}"
EndProject
Global
	GlobalSection(SolutionConfigurationPlatforms) = preSolution
		Debug|Any CPU = Debug|Any CPU
		Release|Any CPU = Release|Any CPU
	EndGlobalSection
	GlobalSection(ProjectConfigurationPlatforms) = postSolution
		{4CE57B28-6E16-4881-AE5A-0C150A130FED}.Debug|Any CPU.ActiveCfg = Debug|Any CPU
		{4CE57B28-6E16-4881-AE5A-0C150A130FED}.Debug|Any CPU.Build.0 = Debug|Any CPU
		{4CE57B28-6E16-4881-AE5A-0C150A130FED}.Release|Any CPU.ActiveCfg = Release|Any CPU
		{4CE57B28-6E16-4881-AE5A-0C150A130FED}.Release|Any CPU.Build.0 = Release|Any CPU
	EndGlobalSection
	GlobalSection(SolutionProperties) = preSolution
		HideSolutionNode = FALSE
	EndGlobalSection
	GlobalSection(ExtensibilityGlobals) = postSolution
		SolutionGuid = {CFC17060-C6A0-4658-9CFA-E32F8B87CC1B}
	EndGlobalSection
EndGlobal
